
Microsoft Visual Studio Solution File, Format Version 12.00
# Visual Studio Version 16
VisualStudioVersion = 16.0.29728.190
MinimumVisualStudioVersion = 10.0.40219.1
Project("{9A19103F-16F7-4668-BE54-9A1E7A4F7556}") = "DmrBoard.Core", "src\DmrBoard.Core\DmrBoard.Core.csproj", "{12B41CFD-773C-4518-9890-FFE08FB98A0A}"
EndProject
Project("{9A19103F-16F7-4668-BE54-9A1E7A4F7556}") = "DmrBoard.Web.Host", "src\DmrBoard.Web.Host\DmrBoard.Web.Host.csproj", "{67EFB84F-14F9-413B-B641-3DE2445EB4B8}"
EndProject
Project("{9A19103F-16F7-4668-BE54-9A1E7A4F7556}") = "DmrBoard.Core.Shared", "src\DmrBoard.Core.Shared\DmrBoard.Core.Shared.csproj", "{AEEB6369-4B0B-46E4-8481-9E97D7BC88E5}"
EndProject
Project("{9A19103F-16F7-4668-BE54-9A1E7A4F7556}") = "DmrBoard.EntityFrameworkCore", "src\DmrBoard.EntityFrameworkCore\DmrBoard.EntityFrameworkCore.csproj", "{0A84700B-310F-4F2A-85FF-BD02E4E3642B}"
EndProject
Project("{9A19103F-16F7-4668-BE54-9A1E7A4F7556}") = "DmrBoard.Application", "src\DmrBoard.Application\DmrBoard.Application.csproj", "{E8C57872-4E69-4DAB-BF43-5C156E94098F}"
EndProject
Project("{FAE04EC0-301F-11D3-BF4B-00C04F79EFBC}") = "DmrBoard.Domain", "src\DmrBoard.Domain\DmrBoard.Domain.csproj", "{D8FE6613-FBD0-45FA-AF9B-22D899685059}"
EndProject
Project("{FAE04EC0-301F-11D3-BF4B-00C04F79EFBC}") = "DmrBoard.IoC", "src\DmrBoard.IoC\DmrBoard.IoC.csproj", "{50B52277-7CA8-4A23-B2B1-D3C69CB68F9E}"
EndProject
Global
	GlobalSection(SolutionConfigurationPlatforms) = preSolution
		Debug|Any CPU = Debug|Any CPU
		Release|Any CPU = Release|Any CPU
	EndGlobalSection
	GlobalSection(ProjectConfigurationPlatforms) = postSolution
		{12B41CFD-773C-4518-9890-FFE08FB98A0A}.Debug|Any CPU.ActiveCfg = Debug|Any CPU
		{12B41CFD-773C-4518-9890-FFE08FB98A0A}.Debug|Any CPU.Build.0 = Debug|Any CPU
		{12B41CFD-773C-4518-9890-FFE08FB98A0A}.Release|Any CPU.ActiveCfg = Release|Any CPU
		{12B41CFD-773C-4518-9890-FFE08FB98A0A}.Release|Any CPU.Build.0 = Release|Any CPU
		{67EFB84F-14F9-413B-B641-3DE2445EB4B8}.Debug|Any CPU.ActiveCfg = Debug|Any CPU
		{67EFB84F-14F9-413B-B641-3DE2445EB4B8}.Debug|Any CPU.Build.0 = Debug|Any CPU
		{67EFB84F-14F9-413B-B641-3DE2445EB4B8}.Release|Any CPU.ActiveCfg = Release|Any CPU
		{67EFB84F-14F9-413B-B641-3DE2445EB4B8}.Release|Any CPU.Build.0 = Release|Any CPU
		{AEEB6369-4B0B-46E4-8481-9E97D7BC88E5}.Debug|Any CPU.ActiveCfg = Debug|Any CPU
		{AEEB6369-4B0B-46E4-8481-9E97D7BC88E5}.Debug|Any CPU.Build.0 = Debug|Any CPU
		{AEEB6369-4B0B-46E4-8481-9E97D7BC88E5}.Release|Any CPU.ActiveCfg = Release|Any CPU
		{AEEB6369-4B0B-46E4-8481-9E97D7BC88E5}.Release|Any CPU.Build.0 = Release|Any CPU
		{0A84700B-310F-4F2A-85FF-BD02E4E3642B}.Debug|Any CPU.ActiveCfg = Debug|Any CPU
		{0A84700B-310F-4F2A-85FF-BD02E4E3642B}.Debug|Any CPU.Build.0 = Debug|Any CPU
		{0A84700B-310F-4F2A-85FF-BD02E4E3642B}.Release|Any CPU.ActiveCfg = Release|Any CPU
		{0A84700B-310F-4F2A-85FF-BD02E4E3642B}.Release|Any CPU.Build.0 = Release|Any CPU
		{E8C57872-4E69-4DAB-BF43-5C156E94098F}.Debug|Any CPU.ActiveCfg = Debug|Any CPU
		{E8C57872-4E69-4DAB-BF43-5C156E94098F}.Debug|Any CPU.Build.0 = Debug|Any CPU
		{E8C57872-4E69-4DAB-BF43-5C156E94098F}.Release|Any CPU.ActiveCfg = Release|Any CPU
		{E8C57872-4E69-4DAB-BF43-5C156E94098F}.Release|Any CPU.Build.0 = Release|Any CPU
		{D8FE6613-FBD0-45FA-AF9B-22D899685059}.Debug|Any CPU.ActiveCfg = Debug|Any CPU
		{D8FE6613-FBD0-45FA-AF9B-22D899685059}.Debug|Any CPU.Build.0 = Debug|Any CPU
		{D8FE6613-FBD0-45FA-AF9B-22D899685059}.Release|Any CPU.ActiveCfg = Release|Any CPU
		{D8FE6613-FBD0-45FA-AF9B-22D899685059}.Release|Any CPU.Build.0 = Release|Any CPU
		{50B52277-7CA8-4A23-B2B1-D3C69CB68F9E}.Debug|Any CPU.ActiveCfg = Debug|Any CPU
		{50B52277-7CA8-4A23-B2B1-D3C69CB68F9E}.Debug|Any CPU.Build.0 = Debug|Any CPU
		{50B52277-7CA8-4A23-B2B1-D3C69CB68F9E}.Release|Any CPU.ActiveCfg = Release|Any CPU
		{50B52277-7CA8-4A23-B2B1-D3C69CB68F9E}.Release|Any CPU.Build.0 = Release|Any CPU
	EndGlobalSection
	GlobalSection(SolutionProperties) = preSolution
		HideSolutionNode = FALSE
	EndGlobalSection
	GlobalSection(ExtensibilityGlobals) = postSolution
		SolutionGuid = {10129FA5-7E3E-461F-A600-BA81CFD5CEC5}
	EndGlobalSection
EndGlobal
